
Microsoft Visual Studio Solution File, Format Version 12.00
# Visual Studio Version 17
VisualStudioVersion = 17.13.35806.99 d17.13
MinimumVisualStudioVersion = 10.0.40219.1
Project("{FAE04EC0-301F-11D3-BF4B-00C04F79EFBC}") = "MyWPFTest", "MyWPFTest\MyWPFTest.csproj", "{8BAB670A-86F2-41B6-AADD-939597D0B770}"
EndProject
Global
	GlobalSection(SolutionConfigurationPlatforms) = preSolution
		Debug|Any CPU = Debug|Any CPU
		Release|Any CPU = Release|Any CPU
	EndGlobalSection
	GlobalSection(ProjectConfigurationPlatforms) = postSolution
		{8BAB670A-86F2-41B6-AADD-939597D0B770}.Debug|Any CPU.ActiveCfg = Debug|Any CPU
		{8BAB670A-86F2-41B6-AADD-939597D0B770}.Debug|Any CPU.Build.0 = Debug|Any CPU
		{8BAB670A-86F2-41B6-AADD-939597D0B770}.Release|Any CPU.ActiveCfg = Release|Any CPU
		{8BAB670A-86F2-41B6-AADD-939597D0B770}.Release|Any CPU.Build.0 = Release|Any CPU
	EndGlobalSection
	GlobalSection(SolutionProperties) = preSolution
		HideSolutionNode = FALSE
	EndGlobalSection
	GlobalSection(ExtensibilityGlobals) = postSolution
		SolutionGuid = {59F3B4E7-6949-4AC4-93A8-55A615A3E6C7}
	EndGlobalSection
EndGlobal
